
Microsoft Visual Studio Solution File, Format Version 12.00
# Visual Studio 15
VisualStudioVersion = 15.0.28010.2019
MinimumVisualStudioVersion = 10.0.40219.1
Project("{FAE04EC0-301F-11D3-BF4B-00C04F79EFBC}") = "Palindrom", "Palindrom\Palindrom.csproj", "{90E4BE9D-9AB8-41F4-AEF4-C37FD00441DC}"
EndProject
Global
	GlobalSection(SolutionConfigurationPlatforms) = preSolution
		Debug|Any CPU = Debug|Any CPU
		Release|Any CPU = Release|Any CPU
	EndGlobalSection
	GlobalSection(ProjectConfigurationPlatforms) = postSolution
		{90E4BE9D-9AB8-41F4-AEF4-C37FD00441DC}.Debug|Any CPU.ActiveCfg = Debug|Any CPU
		{90E4BE9D-9AB8-41F4-AEF4-C37FD00441DC}.Debug|Any CPU.Build.0 = Debug|Any CPU
		{90E4BE9D-9AB8-41F4-AEF4-C37FD00441DC}.Release|Any CPU.ActiveCfg = Release|Any CPU
		{90E4BE9D-9AB8-41F4-AEF4-C37FD00441DC}.Release|Any CPU.Build.0 = Release|Any CPU
	EndGlobalSection
	GlobalSection(SolutionProperties) = preSolution
		HideSolutionNode = FALSE
	EndGlobalSection
	GlobalSection(ExtensibilityGlobals) = postSolution
		SolutionGuid = {CF6579EC-72A2-4C7D-B520-125FF21E33D3}
	EndGlobalSection
EndGlobal
